// !$*UTF8*$!
{
	archiveVersion = 1;
	classes = {
	};
	objectVersion = 50;
	objects = {

/* Begin PBXBuildFile section */
		4BDF4EBF121E17B90F3DBAFD /* Pods_BLAlertDemo.framework in Frameworks */ = {isa = PBXBuildFile; fileRef = 0EB439B10D3DD7F53E9A9571 /* Pods_BLAlertDemo.framework */; };
		9B05C32121BF50B500041BF5 /* BLPasswdAlert.m in Sources */ = {isa = PBXBuildFile; fileRef = 9B05C32021BF50B500041BF5 /* BLPasswdAlert.m */; };
		9B05C32321BF6FE700041BF5 /* index.html in Resources */ = {isa = PBXBuildFile; fileRef = 9B05C32221BF6FE700041BF5 /* index.html */; };
		9B22516221C8A1DD008FE37C /* NSObject+KVC.m in Sources */ = {isa = PBXBuildFile; fileRef = 9B22516121C8A1DD008FE37C /* NSObject+KVC.m */; };
		9B22C69D21B62DB30032F334 /* BLConfirmAlert.m in Sources */ = {isa = PBXBuildFile; fileRef = 9B22C69C21B62DB30032F334 /* BLConfirmAlert.m */; };
		9B236C9721CCBBEB0060AAF0 /* BLEditAlert.m in Sources */ = {isa = PBXBuildFile; fileRef = 9B236C9621CCBBEB0060AAF0 /* BLEditAlert.m */; };
		9B94D32221B1105C00848EB3 /* AppDelegate.m in Sources */ = {isa = PBXBuildFile; fileRef = 9B94D32121B1105C00848EB3 /* AppDelegate.m */; };
		9B94D32521B1105C00848EB3 /* ViewController.m in Sources */ = {isa = PBXBuildFile; fileRef = 9B94D32421B1105C00848EB3 /* ViewController.m */; };
		9B94D32821B1105C00848EB3 /* Main.storyboard in Resources */ = {isa = PBXBuildFile; fileRef = 9B94D32621B1105C00848EB3 /* Main.storyboard */; };
		9B94D32B21B1105C00848EB3 /* BLAlertDemo.xcdatamodeld in Sources */ = {isa = PBXBuildFile; fileRef = 9B94D32921B1105C00848EB3 /* BLAlertDemo.xcdatamodeld */; };
		9B94D32D21B1105E00848EB3 /* Assets.xcassets in Resources */ = {isa = PBXBuildFile; fileRef = 9B94D32C21B1105E00848EB3 /* Assets.xcassets */; };
		9B94D33021B1105E00848EB3 /* LaunchScreen.storyboard in Resources */ = {isa = PBXBuildFile; fileRef = 9B94D32E21B1105E00848EB3 /* LaunchScreen.storyboard */; };
		9B94D33321B1105E00848EB3 /* main.m in Sources */ = {isa = PBXBuildFile; fileRef = 9B94D33221B1105E00848EB3 /* main.m */; };
		9B94D33D21B1105E00848EB3 /* BLAlertDemoTests.m in Sources */ = {isa = PBXBuildFile; fileRef = 9B94D33C21B1105E00848EB3 /* BLAlertDemoTests.m */; };
		9B94D34821B1105E00848EB3 /* BLAlertDemoUITests.m in Sources */ = {isa = PBXBuildFile; fileRef = 9B94D34721B1105E00848EB3 /* BLAlertDemoUITests.m */; };
		9B94D35821B1110800848EB3 /* BLAlert.m in Sources */ = {isa = PBXBuildFile; fileRef = 9B94D35721B1110800848EB3 /* BLAlert.m */; };
		9B94D35921B1110800848EB3 /* BLAlert.m in Sources */ = {isa = PBXBuildFile; fileRef = 9B94D35721B1110800848EB3 /* BLAlert.m */; };
		9B94D35A21B1110800848EB3 /* BLAlert.m in Sources */ = {isa = PBXBuildFile; fileRef = 9B94D35721B1110800848EB3 /* BLAlert.m */; };
		9BA5AE4621BE08EB00AB501E /* ChildViewController.m in Sources */ = {isa = PBXBuildFile; fileRef = 9BA5AE4521BE08EB00AB501E /* ChildViewController.m */; };
		9BA5AE4921BE4C1200AB501E /* UIViewController+Navigation.m in Sources */ = {isa = PBXBuildFile; fileRef = 9BA5AE4821BE4C1200AB501E /* UIViewController+Navigation.m */; };
		9BB0063021B77723005704AF /* UIView+Constraint.m in Sources */ = {isa = PBXBuildFile; fileRef = 9BB0062F21B77723005704AF /* UIView+Constraint.m */; };
		C6D0C1104FB89B61F4040DA9 /* Pods_BLAlertDemoUITests.framework in Frameworks */ = {isa = PBXBuildFile; fileRef = 64E449CB81F59F29FEA2B0DD /* Pods_BLAlertDemoUITests.framework */; };
		F3C31CDBE835FBB5203FDB51 /* Pods_BLAlertDemoTests.framework in Frameworks */ = {isa = PBXBuildFile; fileRef = 85DE36B8B0E36A3C146560B3 /* Pods_BLAlertDemoTests.framework */; };
/* End PBXBuildFile section */

/* Begin PBXContainerItemProxy section */
		9B94D33921B1105E00848EB3 /* PBXContainerItemProxy */ = {
			isa = PBXContainerItemProxy;
			containerPortal = 9B94D31521B1105C00848EB3 /* Project object */;
			proxyType = 1;
			remoteGlobalIDString = 9B94D31C21B1105C00848EB3;
			remoteInfo = BLAlertDemo;
		};
		9B94D34421B1105E00848EB3 /* PBXContainerItemProxy */ = {
			isa = PBXContainerItemProxy;
			containerPortal = 9B94D31521B1105C00848EB3 /* Project object */;
			proxyType = 1;
			remoteGlobalIDString = 9B94D31C21B1105C00848EB3;
			remoteInfo = BLAlertDemo;
		};
/* End PBXContainerItemProxy section */

/* Begin PBXFileReference section */
		0CD1C5A6B118BA0CFEE67948 /* Pods-BLAlertDemoUITests.debug.xcconfig */ = {isa = PBXFileReference; includeInIndex = 1; lastKnownFileType = text.xcconfig; name = "Pods-BLAlertDemoUITests.debug.xcconfig"; path = "Target Support Files/Pods-BLAlertDemoUITests/Pods-BLAlertDemoUITests.debug.xcconfig"; sourceTree = "<group>"; };
		0EB439B10D3DD7F53E9A9571 /* Pods_BLAlertDemo.framework */ = {isa = PBXFileReference; explicitFileType = wrapper.framework; includeInIndex = 0; path = Pods_BLAlertDemo.framework; sourceTree = BUILT_PRODUCTS_DIR; };
		33287CE15051DBC8294CEBB7 /* Pods-BLAlertDemo.release.xcconfig */ = {isa = PBXFileReference; includeInIndex = 1; lastKnownFileType = text.xcconfig; name = "Pods-BLAlertDemo.release.xcconfig"; path = "Target Support Files/Pods-BLAlertDemo/Pods-BLAlertDemo.release.xcconfig"; sourceTree = "<group>"; };
		64E449CB81F59F29FEA2B0DD /* Pods_BLAlertDemoUITests.framework */ = {isa = PBXFileReference; explicitFileType = wrapper.framework; includeInIndex = 0; path = Pods_BLAlertDemoUITests.framework; sourceTree = BUILT_PRODUCTS_DIR; };
		85DE36B8B0E36A3C146560B3 /* Pods_BLAlertDemoTests.framework */ = {isa = PBXFileReference; explicitFileType = wrapper.framework; includeInIndex = 0; path = Pods_BLAlertDemoTests.framework; sourceTree = BUILT_PRODUCTS_DIR; };
		939F5803BAE65E5E42D9D8CC /* Pods-BLAlertDemoTests.debug.xcconfig */ = {isa = PBXFileReference; includeInIndex = 1; lastKnownFileType = text.xcconfig; name = "Pods-BLAlertDemoTests.debug.xcconfig"; path = "Target Support Files/Pods-BLAlertDemoTests/Pods-BLAlertDemoTests.debug.xcconfig"; sourceTree = "<group>"; };
		9B05C31F21BF50B500041BF5 /* BLPasswdAlert.h */ = {isa = PBXFileReference; lastKnownFileType = sourcecode.c.h; path = BLPasswdAlert.h; sourceTree = "<group>"; };
		9B05C32021BF50B500041BF5 /* BLPasswdAlert.m */ = {isa = PBXFileReference; lastKnownFileType = sourcecode.c.objc; path = BLPasswdAlert.m; sourceTree = "<group>"; };
		9B05C32221BF6FE700041BF5 /* index.html */ = {isa = PBXFileReference; lastKnownFileType = text.html; path = index.html; sourceTree = "<group>"; };
		9B22516021C8A1DD008FE37C /* NSObject+KVC.h */ = {isa = PBXFileReference; lastKnownFileType = sourcecode.c.h; path = "NSObject+KVC.h"; sourceTree = "<group>"; };
		9B22516121C8A1DD008FE37C /* NSObject+KVC.m */ = {isa = PBXFileReference; lastKnownFileType = sourcecode.c.objc; path = "NSObject+KVC.m"; sourceTree = "<group>"; };
		9B22C69A21B61C700032F334 /* README.md */ = {isa = PBXFileReference; lastKnownFileType = net.daringfireball.markdown; path = README.md; sourceTree = "<group>"; };
		9B22C69B21B62DB30032F334 /* BLConfirmAlert.h */ = {isa = PBXFileReference; lastKnownFileType = sourcecode.c.h; path = BLConfirmAlert.h; sourceTree = "<group>"; };
		9B22C69C21B62DB30032F334 /* BLConfirmAlert.m */ = {isa = PBXFileReference; lastKnownFileType = sourcecode.c.objc; path = BLConfirmAlert.m; sourceTree = "<group>"; };
		9B236C9521CCBBEB0060AAF0 /* BLEditAlert.h */ = {isa = PBXFileReference; lastKnownFileType = sourcecode.c.h; path = BLEditAlert.h; sourceTree = "<group>"; };
		9B236C9621CCBBEB0060AAF0 /* BLEditAlert.m */ = {isa = PBXFileReference; lastKnownFileType = sourcecode.c.objc; path = BLEditAlert.m; sourceTree = "<group>"; };
		9B6B559821B6824D0041B132 /* BLMacros.h */ = {isa = PBXFileReference; lastKnownFileType = sourcecode.c.h; path = BLMacros.h; sourceTree = "<group>"; };
		9B94D31D21B1105C00848EB3 /* BLAlertDemo.app */ = {isa = PBXFileReference; explicitFileType = wrapper.application; includeInIndex = 0; path = BLAlertDemo.app; sourceTree = BUILT_PRODUCTS_DIR; };
		9B94D32021B1105C00848EB3 /* AppDelegate.h */ = {isa = PBXFileReference; lastKnownFileType = sourcecode.c.h; path = AppDelegate.h; sourceTree = "<group>"; };
		9B94D32121B1105C00848EB3 /* AppDelegate.m */ = {isa = PBXFileReference; lastKnownFileType = sourcecode.c.objc; path = AppDelegate.m; sourceTree = "<group>"; };
		9B94D32321B1105C00848EB3 /* ViewController.h */ = {isa = PBXFileReference; lastKnownFileType = sourcecode.c.h; path = ViewController.h; sourceTree = "<group>"; };
		9B94D32421B1105C00848EB3 /* ViewController.m */ = {isa = PBXFileReference; lastKnownFileType = sourcecode.c.objc; path = ViewController.m; sourceTree = "<group>"; };
		9B94D32721B1105C00848EB3 /* Base */ = {isa = PBXFileReference; lastKnownFileType = file.storyboard; name = Base; path = Base.lproj/Main.storyboard; sourceTree = "<group>"; };
		9B94D32A21B1105C00848EB3 /* BLAlertDemo.xcdatamodel */ = {isa = PBXFileReference; lastKnownFileType = wrapper.xcdatamodel; path = BLAlertDemo.xcdatamodel; sourceTree = "<group>"; };
		9B94D32C21B1105E00848EB3 /* Assets.xcassets */ = {isa = PBXFileReference; lastKnownFileType = folder.assetcatalog; path = Assets.xcassets; sourceTree = "<group>"; };
		9B94D32F21B1105E00848EB3 /* Base */ = {isa = PBXFileReference; lastKnownFileType = file.storyboard; name = Base; path = Base.lproj/LaunchScreen.storyboard; sourceTree = "<group>"; };
		9B94D33121B1105E00848EB3 /* Info.plist */ = {isa = PBXFileReference; lastKnownFileType = text.plist.xml; path = Info.plist; sourceTree = "<group>"; };
		9B94D33221B1105E00848EB3 /* main.m */ = {isa = PBXFileReference; lastKnownFileType = sourcecode.c.objc; path = main.m; sourceTree = "<group>"; };
		9B94D33821B1105E00848EB3 /* BLAlertDemoTests.xctest */ = {isa = PBXFileReference; explicitFileType = wrapper.cfbundle; includeInIndex = 0; path = BLAlertDemoTests.xctest; sourceTree = BUILT_PRODUCTS_DIR; };
		9B94D33C21B1105E00848EB3 /* BLAlertDemoTests.m */ = {isa = PBXFileReference; lastKnownFileType = sourcecode.c.objc; path = BLAlertDemoTests.m; sourceTree = "<group>"; };
		9B94D33E21B1105E00848EB3 /* Info.plist */ = {isa = PBXFileReference; lastKnownFileType = text.plist.xml; path = Info.plist; sourceTree = "<group>"; };
		9B94D34321B1105E00848EB3 /* BLAlertDemoUITests.xctest */ = {isa = PBXFileReference; explicitFileType = wrapper.cfbundle; includeInIndex = 0; path = BLAlertDemoUITests.xctest; sourceTree = BUILT_PRODUCTS_DIR; };
		9B94D34721B1105E00848EB3 /* BLAlertDemoUITests.m */ = {isa = PBXFileReference; lastKnownFileType = sourcecode.c.objc; path = BLAlertDemoUITests.m; sourceTree = "<group>"; };
		9B94D34921B1105E00848EB3 /* Info.plist */ = {isa = PBXFileReference; lastKnownFileType = text.plist.xml; path = Info.plist; sourceTree = "<group>"; };
		9B94D35621B1110800848EB3 /* BLAlert.h */ = {isa = PBXFileReference; lastKnownFileType = sourcecode.c.h; path = BLAlert.h; sourceTree = "<group>"; };
		9B94D35721B1110800848EB3 /* BLAlert.m */ = {isa = PBXFileReference; lastKnownFileType = sourcecode.c.objc; path = BLAlert.m; sourceTree = "<group>"; };
		9BA5AE4421BE08EB00AB501E /* ChildViewController.h */ = {isa = PBXFileReference; lastKnownFileType = sourcecode.c.h; path = ChildViewController.h; sourceTree = "<group>"; };
		9BA5AE4521BE08EB00AB501E /* ChildViewController.m */ = {isa = PBXFileReference; lastKnownFileType = sourcecode.c.objc; path = ChildViewController.m; sourceTree = "<group>"; };
		9BA5AE4721BE4C1200AB501E /* UIViewController+Navigation.h */ = {isa = PBXFileReference; lastKnownFileType = sourcecode.c.h; path = "UIViewController+Navigation.h"; sourceTree = "<group>"; };
		9BA5AE4821BE4C1200AB501E /* UIViewController+Navigation.m */ = {isa = PBXFileReference; lastKnownFileType = sourcecode.c.objc; path = "UIViewController+Navigation.m"; sourceTree = "<group>"; };
		9BB0062E21B77723005704AF /* UIView+Constraint.h */ = {isa = PBXFileReference; lastKnownFileType = sourcecode.c.h; path = "UIView+Constraint.h"; sourceTree = "<group>"; };
		9BB0062F21B77723005704AF /* UIView+Constraint.m */ = {isa = PBXFileReference; lastKnownFileType = sourcecode.c.objc; path = "UIView+Constraint.m"; sourceTree = "<group>"; };
		AA8C50D2962FDABE194F2F26 /* Pods-BLAlertDemoUITests.release.xcconfig */ = {isa = PBXFileReference; includeInIndex = 1; lastKnownFileType = text.xcconfig; name = "Pods-BLAlertDemoUITests.release.xcconfig"; path = "Target Support Files/Pods-BLAlertDemoUITests/Pods-BLAlertDemoUITests.release.xcconfig"; sourceTree = "<group>"; };
		B056D2531DEDD789829F75CA /* Pods-BLAlertDemoTests.release.xcconfig */ = {isa = PBXFileReference; includeInIndex = 1; lastKnownFileType = text.xcconfig; name = "Pods-BLAlertDemoTests.release.xcconfig"; path = "Target Support Files/Pods-BLAlertDemoTests/Pods-BLAlertDemoTests.release.xcconfig"; sourceTree = "<group>"; };
		D46B6705D36DE87E85546EA4 /* Pods-BLAlertDemo.debug.xcconfig */ = {isa = PBXFileReference; includeInIndex = 1; lastKnownFileType = text.xcconfig; name = "Pods-BLAlertDemo.debug.xcconfig"; path = "Target Support Files/Pods-BLAlertDemo/Pods-BLAlertDemo.debug.xcconfig"; sourceTree = "<group>"; };
/* End PBXFileReference section */

/* Begin PBXFrameworksBuildPhase section */
		9B94D31A21B1105C00848EB3 /* Frameworks */ = {
			isa = PBXFrameworksBuildPhase;
			buildActionMask = 2147483647;
			files = (
				4BDF4EBF121E17B90F3DBAFD /* Pods_BLAlertDemo.framework in Frameworks */,
			);
			runOnlyForDeploymentPostprocessing = 0;
		};
		9B94D33521B1105E00848EB3 /* Frameworks */ = {
			isa = PBXFrameworksBuildPhase;
			buildActionMask = 2147483647;
			files = (
				F3C31CDBE835FBB5203FDB51 /* Pods_BLAlertDemoTests.framework in Frameworks */,
			);
			runOnlyForDeploymentPostprocessing = 0;
		};
		9B94D34021B1105E00848EB3 /* Frameworks */ = {
			isa = PBXFrameworksBuildPhase;
			buildActionMask = 2147483647;
			files = (
				C6D0C1104FB89B61F4040DA9 /* Pods_BLAlertDemoUITests.framework in Frameworks */,
			);
			runOnlyForDeploymentPostprocessing = 0;
		};
/* End PBXFrameworksBuildPhase section */

/* Begin PBXGroup section */
		3A41375F1F2446A4DC8F0FC7 /* Frameworks */ = {
			isa = PBXGroup;
			children = (
				0EB439B10D3DD7F53E9A9571 /* Pods_BLAlertDemo.framework */,
				85DE36B8B0E36A3C146560B3 /* Pods_BLAlertDemoTests.framework */,
				64E449CB81F59F29FEA2B0DD /* Pods_BLAlertDemoUITests.framework */,
			);
			name = Frameworks;
			sourceTree = "<group>";
		};
		7EDF047160A7B1647A7A6733 /* Pods */ = {
			isa = PBXGroup;
			children = (
				D46B6705D36DE87E85546EA4 /* Pods-BLAlertDemo.debug.xcconfig */,
				33287CE15051DBC8294CEBB7 /* Pods-BLAlertDemo.release.xcconfig */,
				939F5803BAE65E5E42D9D8CC /* Pods-BLAlertDemoTests.debug.xcconfig */,
				B056D2531DEDD789829F75CA /* Pods-BLAlertDemoTests.release.xcconfig */,
				0CD1C5A6B118BA0CFEE67948 /* Pods-BLAlertDemoUITests.debug.xcconfig */,
				AA8C50D2962FDABE194F2F26 /* Pods-BLAlertDemoUITests.release.xcconfig */,
			);
			path = Pods;
			sourceTree = "<group>";
		};
		9B94D31421B1105C00848EB3 = {
			isa = PBXGroup;
			children = (
				9B94D35521B110EA00848EB3 /* BLAlert */,
				9B94D31F21B1105C00848EB3 /* BLAlertDemo */,
				9B94D33B21B1105E00848EB3 /* BLAlertDemoTests */,
				9B94D34621B1105E00848EB3 /* BLAlertDemoUITests */,
				9B94D31E21B1105C00848EB3 /* Products */,
				7EDF047160A7B1647A7A6733 /* Pods */,
				3A41375F1F2446A4DC8F0FC7 /* Frameworks */,
			);
			sourceTree = "<group>";
		};
		9B94D31E21B1105C00848EB3 /* Products */ = {
			isa = PBXGroup;
			children = (
				9B94D31D21B1105C00848EB3 /* BLAlertDemo.app */,
				9B94D33821B1105E00848EB3 /* BLAlertDemoTests.xctest */,
				9B94D34321B1105E00848EB3 /* BLAlertDemoUITests.xctest */,
			);
			name = Products;
			sourceTree = "<group>";
		};
		9B94D31F21B1105C00848EB3 /* BLAlertDemo */ = {
			isa = PBXGroup;
			children = (
				9B94D32021B1105C00848EB3 /* AppDelegate.h */,
				9B94D32121B1105C00848EB3 /* AppDelegate.m */,
				9B94D32321B1105C00848EB3 /* ViewController.h */,
				9B94D32421B1105C00848EB3 /* ViewController.m */,
				9B94D32621B1105C00848EB3 /* Main.storyboard */,
				9B94D32C21B1105E00848EB3 /* Assets.xcassets */,
				9B94D32E21B1105E00848EB3 /* LaunchScreen.storyboard */,
				9B94D33121B1105E00848EB3 /* Info.plist */,
				9B94D33221B1105E00848EB3 /* main.m */,
				9B94D32921B1105C00848EB3 /* BLAlertDemo.xcdatamodeld */,
				9BA5AE4421BE08EB00AB501E /* ChildViewController.h */,
				9BA5AE4521BE08EB00AB501E /* ChildViewController.m */,
				9BA5AE4721BE4C1200AB501E /* UIViewController+Navigation.h */,
				9BA5AE4821BE4C1200AB501E /* UIViewController+Navigation.m */,
				9B05C32221BF6FE700041BF5 /* index.html */,
			);
			path = BLAlertDemo;
			sourceTree = "<group>";
		};
		9B94D33B21B1105E00848EB3 /* BLAlertDemoTests */ = {
			isa = PBXGroup;
			children = (
				9B94D33C21B1105E00848EB3 /* BLAlertDemoTests.m */,
				9B94D33E21B1105E00848EB3 /* Info.plist */,
			);
			path = BLAlertDemoTests;
			sourceTree = "<group>";
		};
		9B94D34621B1105E00848EB3 /* BLAlertDemoUITests */ = {
			isa = PBXGroup;
			children = (
				9B94D34721B1105E00848EB3 /* BLAlertDemoUITests.m */,
				9B94D34921B1105E00848EB3 /* Info.plist */,
			);
			path = BLAlertDemoUITests;
			sourceTree = "<group>";
		};
		9B94D35521B110EA00848EB3 /* BLAlert */ = {
			isa = PBXGroup;
			children = (
				9B94D35621B1110800848EB3 /* BLAlert.h */,
				9B94D35721B1110800848EB3 /* BLAlert.m */,
				9B22C69A21B61C700032F334 /* README.md */,
				9B22C69B21B62DB30032F334 /* BLConfirmAlert.h */,
				9B22C69C21B62DB30032F334 /* BLConfirmAlert.m */,
				9B6B559821B6824D0041B132 /* BLMacros.h */,
				9BB0062E21B77723005704AF /* UIView+Constraint.h */,
				9BB0062F21B77723005704AF /* UIView+Constraint.m */,
				9B05C31F21BF50B500041BF5 /* BLPasswdAlert.h */,
				9B05C32021BF50B500041BF5 /* BLPasswdAlert.m */,
				9B22516021C8A1DD008FE37C /* NSObject+KVC.h */,
				9B22516121C8A1DD008FE37C /* NSObject+KVC.m */,
				9B236C9521CCBBEB0060AAF0 /* BLEditAlert.h */,
				9B236C9621CCBBEB0060AAF0 /* BLEditAlert.m */,
			);
			name = BLAlert;
			path = ../BLAlert;
			sourceTree = "<group>";
		};
/* End PBXGroup section */

/* Begin PBXNativeTarget section */
		9B94D31C21B1105C00848EB3 /* BLAlertDemo */ = {
			isa = PBXNativeTarget;
			buildConfigurationList = 9B94D34C21B1105E00848EB3 /* Build configuration list for PBXNativeTarget "BLAlertDemo" */;
			buildPhases = (
				E4D29B4E8D76FF4423F8DD61 /* [CP] Check Pods Manifest.lock */,
				9B94D31921B1105C00848EB3 /* Sources */,
				9B94D31A21B1105C00848EB3 /* Frameworks */,
				9B94D31B21B1105C00848EB3 /* Resources */,
				E7AE4DD5E101188A24159C0D /* [CP] Embed Pods Frameworks */,
			);
			buildRules = (
			);
			dependencies = (
			);
			name = BLAlertDemo;
			productName = BLAlertDemo;
			productReference = 9B94D31D21B1105C00848EB3 /* BLAlertDemo.app */;
			productType = "com.apple.product-type.application";
		};
		9B94D33721B1105E00848EB3 /* BLAlertDemoTests */ = {
			isa = PBXNativeTarget;
			buildConfigurationList = 9B94D34F21B1105E00848EB3 /* Build configuration list for PBXNativeTarget "BLAlertDemoTests" */;
			buildPhases = (
				C92B8083E0C0E7BF6FB04D5E /* [CP] Check Pods Manifest.lock */,
				9B94D33421B1105E00848EB3 /* Sources */,
				9B94D33521B1105E00848EB3 /* Frameworks */,
				9B94D33621B1105E00848EB3 /* Resources */,
			);
			buildRules = (
			);
			dependencies = (
				9B94D33A21B1105E00848EB3 /* PBXTargetDependency */,
			);
			name = BLAlertDemoTests;
			productName = BLAlertDemoTests;
			productReference = 9B94D33821B1105E00848EB3 /* BLAlertDemoTests.xctest */;
			productType = "com.apple.product-type.bundle.unit-test";
		};
		9B94D34221B1105E00848EB3 /* BLAlertDemoUITests */ = {
			isa = PBXNativeTarget;
			buildConfigurationList = 9B94D35221B1105E00848EB3 /* Build configuration list for PBXNativeTarget "BLAlertDemoUITests" */;
			buildPhases = (
				68A024E7C00E83A2E5DED5EF /* [CP] Check Pods Manifest.lock */,
				9B94D33F21B1105E00848EB3 /* Sources */,
				9B94D34021B1105E00848EB3 /* Frameworks */,
				9B94D34121B1105E00848EB3 /* Resources */,
			);
			buildRules = (
			);
			dependencies = (
				9B94D34521B1105E00848EB3 /* PBXTargetDependency */,
			);
			name = BLAlertDemoUITests;
			productName = BLAlertDemoUITests;
			productReference = 9B94D34321B1105E00848EB3 /* BLAlertDemoUITests.xctest */;
			productType = "com.apple.product-type.bundle.ui-testing";
		};
/* End PBXNativeTarget section */

/* Begin PBXProject section */
		9B94D31521B1105C00848EB3 /* Project object */ = {
			isa = PBXProject;
			attributes = {
				LastUpgradeCheck = 1010;
				ORGANIZATIONNAME = Lee;
				TargetAttributes = {
					9B94D31C21B1105C00848EB3 = {
						CreatedOnToolsVersion = 10.1;
					};
					9B94D33721B1105E00848EB3 = {
						CreatedOnToolsVersion = 10.1;
						TestTargetID = 9B94D31C21B1105C00848EB3;
					};
					9B94D34221B1105E00848EB3 = {
						CreatedOnToolsVersion = 10.1;
						TestTargetID = 9B94D31C21B1105C00848EB3;
					};
				};
			};
			buildConfigurationList = 9B94D31821B1105C00848EB3 /* Build configuration list for PBXProject "BLAlertDemo" */;
			compatibilityVersion = "Xcode 9.3";
			developmentRegion = en;
			hasScannedForEncodings = 0;
			knownRegions = (
				en,
				Base,
			);
			mainGroup = 9B94D31421B1105C00848EB3;
			productRefGroup = 9B94D31E21B1105C00848EB3 /* Products */;
			projectDirPath = "";
			projectRoot = "";
			targets = (
				9B94D31C21B1105C00848EB3 /* BLAlertDemo */,
				9B94D33721B1105E00848EB3 /* BLAlertDemoTests */,
				9B94D34221B1105E00848EB3 /* BLAlertDemoUITests */,
			);
		};
/* End PBXProject section */

/* Begin PBXResourcesBuildPhase section */
		9B94D31B21B1105C00848EB3 /* Resources */ = {
			isa = PBXResourcesBuildPhase;
			buildActionMask = 2147483647;
			files = (
				9B94D33021B1105E00848EB3 /* LaunchScreen.storyboard in Resources */,
				9B05C32321BF6FE700041BF5 /* index.html in Resources */,
				9B94D32D21B1105E00848EB3 /* Assets.xcassets in Resources */,
				9B94D32821B1105C00848EB3 /* Main.storyboard in Resources */,
			);
			runOnlyForDeploymentPostprocessing = 0;
		};
		9B94D33621B1105E00848EB3 /* Resources */ = {
			isa = PBXResourcesBuildPhase;
			buildActionMask = 2147483647;
			files = (
			);
			runOnlyForDeploymentPostprocessing = 0;
		};
		9B94D34121B1105E00848EB3 /* Resources */ = {
			isa = PBXResourcesBuildPhase;
			buildActionMask = 2147483647;
			files = (
			);
			runOnlyForDeploymentPostprocessing = 0;
		};
/* End PBXResourcesBuildPhase section */

/* Begin PBXShellScriptBuildPhase section */
		68A024E7C00E83A2E5DED5EF /* [CP] Check Pods Manifest.lock */ = {
			isa = PBXShellScriptBuildPhase;
			buildActionMask = 2147483647;
			files = (
			);
			inputFileListPaths = (
			);
			inputPaths = (
				"${PODS_PODFILE_DIR_PATH}/Podfile.lock",
				"${PODS_ROOT}/Manifest.lock",
			);
			name = "[CP] Check Pods Manifest.lock";
			outputFileListPaths = (
			);
			outputPaths = (
				"$(DERIVED_FILE_DIR)/Pods-BLAlertDemoUITests-checkManifestLockResult.txt",
			);
			runOnlyForDeploymentPostprocessing = 0;
			shellPath = /bin/sh;
			shellScript = "diff \"${PODS_PODFILE_DIR_PATH}/Podfile.lock\" \"${PODS_ROOT}/Manifest.lock\" > /dev/null\nif [ $? != 0 ] ; then\n    # print error to STDERR\n    echo \"error: The sandbox is not in sync with the Podfile.lock. Run 'pod install' or update your CocoaPods installation.\" >&2\n    exit 1\nfi\n# This output is used by Xcode 'outputs' to avoid re-running this script phase.\necho \"SUCCESS\" > \"${SCRIPT_OUTPUT_FILE_0}\"\n";
			showEnvVarsInLog = 0;
		};
		C92B8083E0C0E7BF6FB04D5E /* [CP] Check Pods Manifest.lock */ = {
			isa = PBXShellScriptBuildPhase;
			buildActionMask = 2147483647;
			files = (
			);
			inputFileListPaths = (
			);
			inputPaths = (
				"${PODS_PODFILE_DIR_PATH}/Podfile.lock",
				"${PODS_ROOT}/Manifest.lock",
			);
			name = "[CP] Check Pods Manifest.lock";
			outputFileListPaths = (
			);
			outputPaths = (
				"$(DERIVED_FILE_DIR)/Pods-BLAlertDemoTests-checkManifestLockResult.txt",
			);
			runOnlyForDeploymentPostprocessing = 0;
			shellPath = /bin/sh;
			shellScript = "diff \"${PODS_PODFILE_DIR_PATH}/Podfile.lock\" \"${PODS_ROOT}/Manifest.lock\" > /dev/null\nif [ $? != 0 ] ; then\n    # print error to STDERR\n    echo \"error: The sandbox is not in sync with the Podfile.lock. Run 'pod install' or update your CocoaPods installation.\" >&2\n    exit 1\nfi\n# This output is used by Xcode 'outputs' to avoid re-running this script phase.\necho \"SUCCESS\" > \"${SCRIPT_OUTPUT_FILE_0}\"\n";
			showEnvVarsInLog = 0;
		};
		E4D29B4E8D76FF4423F8DD61 /* [CP] Check Pods Manifest.lock */ = {
			isa = PBXShellScriptBuildPhase;
			buildActionMask = 2147483647;
			files = (
			);
			inputFileListPaths = (
			);
			inputPaths = (
				"${PODS_PODFILE_DIR_PATH}/Podfile.lock",
				"${PODS_ROOT}/Manifest.lock",
			);
			name = "[CP] Check Pods Manifest.lock";
			outputFileListPaths = (
			);
			outputPaths = (
				"$(DERIVED_FILE_DIR)/Pods-BLAlertDemo-checkManifestLockResult.txt",
			);
			runOnlyForDeploymentPostprocessing = 0;
			shellPath = /bin/sh;
			shellScript = "diff \"${PODS_PODFILE_DIR_PATH}/Podfile.lock\" \"${PODS_ROOT}/Manifest.lock\" > /dev/null\nif [ $? != 0 ] ; then\n    # print error to STDERR\n    echo \"error: The sandbox is not in sync with the Podfile.lock. Run 'pod install' or update your CocoaPods installation.\" >&2\n    exit 1\nfi\n# This output is used by Xcode 'outputs' to avoid re-running this script phase.\necho \"SUCCESS\" > \"${SCRIPT_OUTPUT_FILE_0}\"\n";
			showEnvVarsInLog = 0;
		};
		E7AE4DD5E101188A24159C0D /* [CP] Embed Pods Frameworks */ = {
			isa = PBXShellScriptBuildPhase;
			buildActionMask = 2147483647;
			files = (
			);
			inputFileListPaths = (
			);
			inputPaths = (
				"${PODS_ROOT}/Target Support Files/Pods-BLAlertDemo/Pods-BLAlertDemo-frameworks.sh",
				"${BUILT_PRODUCTS_DIR}/Masonry/Masonry.framework",
				"${PODS_ROOT}/Reveal-SDK/RevealServer-20/iOS/RevealServer.framework",
			);
			name = "[CP] Embed Pods Frameworks";
			outputFileListPaths = (
			);
			outputPaths = (
				"${TARGET_BUILD_DIR}/${FRAMEWORKS_FOLDER_PATH}/Masonry.framework",
				"${TARGET_BUILD_DIR}/${FRAMEWORKS_FOLDER_PATH}/RevealServer.framework",
			);
			runOnlyForDeploymentPostprocessing = 0;
			shellPath = /bin/sh;
			shellScript = "\"${PODS_ROOT}/Target Support Files/Pods-BLAlertDemo/Pods-BLAlertDemo-frameworks.sh\"\n";
			showEnvVarsInLog = 0;
		};
/* End PBXShellScriptBuildPhase section */

/* Begin PBXSourcesBuildPhase section */
		9B94D31921B1105C00848EB3 /* Sources */ = {
			isa = PBXSourcesBuildPhase;
			buildActionMask = 2147483647;
			files = (
				9BA5AE4921BE4C1200AB501E /* UIViewController+Navigation.m in Sources */,
				9B94D32521B1105C00848EB3 /* ViewController.m in Sources */,
				9BB0063021B77723005704AF /* UIView+Constraint.m in Sources */,
				9B94D32221B1105C00848EB3 /* AppDelegate.m in Sources */,
				9B22516221C8A1DD008FE37C /* NSObject+KVC.m in Sources */,
				9BA5AE4621BE08EB00AB501E /* ChildViewController.m in Sources */,
				9B94D33321B1105E00848EB3 /* main.m in Sources */,
				9B94D35821B1110800848EB3 /* BLAlert.m in Sources */,
				9B236C9721CCBBEB0060AAF0 /* BLEditAlert.m in Sources */,
				9B94D32B21B1105C00848EB3 /* BLAlertDemo.xcdatamodeld in Sources */,
				9B05C32121BF50B500041BF5 /* BLPasswdAlert.m in Sources */,
				9B22C69D21B62DB30032F334 /* BLConfirmAlert.m in Sources */,
			);
			runOnlyForDeploymentPostprocessing = 0;
		};
		9B94D33421B1105E00848EB3 /* Sources */ = {
			isa = PBXSourcesBuildPhase;
			buildActionMask = 2147483647;
			files = (
				9B94D35921B1110800848EB3 /* BLAlert.m in Sources */,
				9B94D33D21B1105E00848EB3 /* BLAlertDemoTests.m in Sources */,
			);
			runOnlyForDeploymentPostprocessing = 0;
		};
		9B94D33F21B1105E00848EB3 /* Sources */ = {
			isa = PBXSourcesBuildPhase;
			buildActionMask = 2147483647;
			files = (
				9B94D35A21B1110800848EB3 /* BLAlert.m in Sources */,
				9B94D34821B1105E00848EB3 /* BLAlertDemoUITests.m in Sources */,
			);
			runOnlyForDeploymentPostprocessing = 0;
		};
/* End PBXSourcesBuildPhase section */

/* Begin PBXTargetDependency section */
		9B94D33A21B1105E00848EB3 /* PBXTargetDependency */ = {
			isa = PBXTargetDependency;
			target = 9B94D31C21B1105C00848EB3 /* BLAlertDemo */;
			targetProxy = 9B94D33921B1105E00848EB3 /* PBXContainerItemProxy */;
		};
		9B94D34521B1105E00848EB3 /* PBXTargetDependency */ = {
			isa = PBXTargetDependency;
			target = 9B94D31C21B1105C00848EB3 /* BLAlertDemo */;
			targetProxy = 9B94D34421B1105E00848EB3 /* PBXContainerItemProxy */;
		};
/* End PBXTargetDependency section */

/* Begin PBXVariantGroup section */
		9B94D32621B1105C00848EB3 /* Main.storyboard */ = {
			isa = PBXVariantGroup;
			children = (
				9B94D32721B1105C00848EB3 /* Base */,
			);
			name = Main.storyboard;
			sourceTree = "<group>";
		};
		9B94D32E21B1105E00848EB3 /* LaunchScreen.storyboard */ = {
			isa = PBXVariantGroup;
			children = (
				9B94D32F21B1105E00848EB3 /* Base */,
			);
			name = LaunchScreen.storyboard;
			sourceTree = "<group>";
		};
/* End PBXVariantGroup section */

/* Begin XCBuildConfiguration section */
		9B94D34A21B1105E00848EB3 /* Debug */ = {
			isa = XCBuildConfiguration;
			buildSettings = {
				ALWAYS_SEARCH_USER_PATHS = NO;
				CLANG_ANALYZER_NONNULL = YES;
				CLANG_ANALYZER_NUMBER_OBJECT_CONVERSION = YES_AGGRESSIVE;
				CLANG_CXX_LANGUAGE_STANDARD = "gnu++14";
				CLANG_CXX_LIBRARY = "libc++";
				CLANG_ENABLE_MODULES = YES;
				CLANG_ENABLE_OBJC_ARC = YES;
				CLANG_ENABLE_OBJC_WEAK = YES;
				CLANG_WARN_BLOCK_CAPTURE_AUTORELEASING = YES;
				CLANG_WARN_BOOL_CONVERSION = YES;
				CLANG_WARN_COMMA = YES;
				CLANG_WARN_CONSTANT_CONVERSION = YES;
				CLANG_WARN_DEPRECATED_OBJC_IMPLEMENTATIONS = YES;
				CLANG_WARN_DIRECT_OBJC_ISA_USAGE = YES_ERROR;
				CLANG_WARN_DOCUMENTATION_COMMENTS = YES;
				CLANG_WARN_EMPTY_BODY = YES;
				CLANG_WARN_ENUM_CONVERSION = YES;
				CLANG_WARN_INFINITE_RECURSION = YES;
				CLANG_WARN_INT_CONVERSION = YES;
				CLANG_WARN_NON_LITERAL_NULL_CONVERSION = YES;
				CLANG_WARN_OBJC_IMPLICIT_RETAIN_SELF = YES;
				CLANG_WARN_OBJC_LITERAL_CONVERSION = YES;
				CLANG_WARN_OBJC_ROOT_CLASS = YES_ERROR;
				CLANG_WARN_RANGE_LOOP_ANALYSIS = YES;
				CLANG_WARN_STRICT_PROTOTYPES = YES;
				CLANG_WARN_SUSPICIOUS_MOVE = YES;
				CLANG_WARN_UNGUARDED_AVAILABILITY = YES_AGGRESSIVE;
				CLANG_WARN_UNREACHABLE_CODE = YES;
				CLANG_WARN__DUPLICATE_METHOD_MATCH = YES;
				CODE_SIGN_IDENTITY = "iPhone Developer";
				COPY_PHASE_STRIP = NO;
				DEBUG_INFORMATION_FORMAT = dwarf;
				ENABLE_STRICT_OBJC_MSGSEND = YES;
				ENABLE_TESTABILITY = YES;
				GCC_C_LANGUAGE_STANDARD = gnu11;
				GCC_DYNAMIC_NO_PIC = NO;
				GCC_NO_COMMON_BLOCKS = YES;
				GCC_OPTIMIZATION_LEVEL = 0;
				GCC_PREPROCESSOR_DEFINITIONS = (
					"DEBUG=1",
					"$(inherited)",
				);
				GCC_WARN_64_TO_32_BIT_CONVERSION = YES;
				GCC_WARN_ABOUT_RETURN_TYPE = YES_ERROR;
				GCC_WARN_UNDECLARED_SELECTOR = YES;
				GCC_WARN_UNINITIALIZED_AUTOS = YES_AGGRESSIVE;
				GCC_WARN_UNUSED_FUNCTION = YES;
				GCC_WARN_UNUSED_VARIABLE = YES;
				IPHONEOS_DEPLOYMENT_TARGET = 8.0;
				MTL_ENABLE_DEBUG_INFO = INCLUDE_SOURCE;
				MTL_FAST_MATH = YES;
				ONLY_ACTIVE_ARCH = YES;
				SDKROOT = iphoneos;
			};
			name = Debug;
		};
		9B94D34B21B1105E00848EB3 /* Release */ = {
			isa = XCBuildConfiguration;
			buildSettings = {
				ALWAYS_SEARCH_USER_PATHS = NO;
				CLANG_ANALYZER_NONNULL = YES;
				CLANG_ANALYZER_NUMBER_OBJECT_CONVERSION = YES_AGGRESSIVE;
				CLANG_CXX_LANGUAGE_STANDARD = "gnu++14";
				CLANG_CXX_LIBRARY = "libc++";
				CLANG_ENABLE_MODULES = YES;
				CLANG_ENABLE_OBJC_ARC = YES;
				CLANG_ENABLE_OBJC_WEAK = YES;
				CLANG_WARN_BLOCK_CAPTURE_AUTORELEASING = YES;
				CLANG_WARN_BOOL_CONVERSION = YES;
				CLANG_WARN_COMMA = YES;
				CLANG_WARN_CONSTANT_CONVERSION = YES;
				CLANG_WARN_DEPRECATED_OBJC_IMPLEMENTATIONS = YES;
				CLANG_WARN_DIRECT_OBJC_ISA_USAGE = YES_ERROR;
				CLANG_WARN_DOCUMENTATION_COMMENTS = YES;
				CLANG_WARN_EMPTY_BODY = YES;
				CLANG_WARN_ENUM_CONVERSION = YES;
				CLANG_WARN_INFINITE_RECURSION = YES;
				CLANG_WARN_INT_CONVERSION = YES;
				CLANG_WARN_NON_LITERAL_NULL_CONVERSION = YES;
				CLANG_WARN_OBJC_IMPLICIT_RETAIN_SELF = YES;
				CLANG_WARN_OBJC_LITERAL_CONVERSION = YES;
				CLANG_WARN_OBJC_ROOT_CLASS = YES_ERROR;
				CLANG_WARN_RANGE_LOOP_ANALYSIS = YES;
				CLANG_WARN_STRICT_PROTOTYPES = YES;
				CLANG_WARN_SUSPICIOUS_MOVE = YES;
				CLANG_WARN_UNGUARDED_AVAILABILITY = YES_AGGRESSIVE;
				CLANG_WARN_UNREACHABLE_CODE = YES;
				CLANG_WARN__DUPLICATE_METHOD_MATCH = YES;
				CODE_SIGN_IDENTITY = "iPhone Developer";
				COPY_PHASE_STRIP = NO;
				DEBUG_INFORMATION_FORMAT = "dwarf-with-dsym";
				ENABLE_NS_ASSERTIONS = NO;
				ENABLE_STRICT_OBJC_MSGSEND = YES;
				GCC_C_LANGUAGE_STANDARD = gnu11;
				GCC_NO_COMMON_BLOCKS = YES;
				GCC_WARN_64_TO_32_BIT_CONVERSION = YES;
				GCC_WARN_ABOUT_RETURN_TYPE = YES_ERROR;
				GCC_WARN_UNDECLARED_SELECTOR = YES;
				GCC_WARN_UNINITIALIZED_AUTOS = YES_AGGRESSIVE;
				GCC_WARN_UNUSED_FUNCTION = YES;
				GCC_WARN_UNUSED_VARIABLE = YES;
				IPHONEOS_DEPLOYMENT_TARGET = 8.0;
				MTL_ENABLE_DEBUG_INFO = NO;
				MTL_FAST_MATH = YES;
				SDKROOT = iphoneos;
				VALIDATE_PRODUCT = YES;
			};
			name = Release;
		};
		9B94D34D21B1105E00848EB3 /* Debug */ = {
			isa = XCBuildConfiguration;
			baseConfigurationReference = D46B6705D36DE87E85546EA4 /* Pods-BLAlertDemo.debug.xcconfig */;
			buildSettings = {
				ASSETCATALOG_COMPILER_APPICON_NAME = AppIcon;
				CODE_SIGN_STYLE = Automatic;
				DEVELOPMENT_TEAM = NX465R5XFP;
				INFOPLIST_FILE = BLAlertDemo/Info.plist;
				IPHONEOS_DEPLOYMENT_TARGET = 8.0;
				LD_RUNPATH_SEARCH_PATHS = (
					"$(inherited)",
					"@executable_path/Frameworks",
				);
				PRODUCT_BUNDLE_IDENTIFIER = me.bobolee.BLAlertDemo;
				PRODUCT_NAME = "$(TARGET_NAME)";
				TARGETED_DEVICE_FAMILY = 1;
			};
			name = Debug;
		};
		9B94D34E21B1105E00848EB3 /* Release */ = {
			isa = XCBuildConfiguration;
			baseConfigurationReference = 33287CE15051DBC8294CEBB7 /* Pods-BLAlertDemo.release.xcconfig */;
			buildSettings = {
				ASSETCATALOG_COMPILER_APPICON_NAME = AppIcon;
				CODE_SIGN_STYLE = Automatic;
				DEVELOPMENT_TEAM = NX465R5XFP;
				INFOPLIST_FILE = BLAlertDemo/Info.plist;
				IPHONEOS_DEPLOYMENT_TARGET = 8.0;
				LD_RUNPATH_SEARCH_PATHS = (
					"$(inherited)",
					"@executable_path/Frameworks",
				);
				PRODUCT_BUNDLE_IDENTIFIER = me.bobolee.BLAlertDemo;
				PRODUCT_NAME = "$(TARGET_NAME)";
				TARGETED_DEVICE_FAMILY = 1;
			};
			name = Release;
		};
		9B94D35021B1105E00848EB3 /* Debug */ = {
			isa = XCBuildConfiguration;
			baseConfigurationReference = 939F5803BAE65E5E42D9D8CC /* Pods-BLAlertDemoTests.debug.xcconfig */;
			buildSettings = {
				BUNDLE_LOADER = "$(TEST_HOST)";
				CODE_SIGN_STYLE = Automatic;
				DEVELOPMENT_TEAM = NX465R5XFP;
				INFOPLIST_FILE = BLAlertDemoTests/Info.plist;
				LD_RUNPATH_SEARCH_PATHS = (
					"$(inherited)",
					"@executable_path/Frameworks",
					"@loader_path/Frameworks",
				);
				PRODUCT_BUNDLE_IDENTIFIER = me.bobolee.BLAlertDemoTests;
				PRODUCT_NAME = "$(TARGET_NAME)";
				TARGETED_DEVICE_FAMILY = "1,2";
				TEST_HOST = "$(BUILT_PRODUCTS_DIR)/BLAlertDemo.app/BLAlertDemo";
			};
			name = Debug;
		};
		9B94D35121B1105E00848EB3 /* Release */ = {
			isa = XCBuildConfiguration;
			baseConfigurationReference = B056D2531DEDD789829F75CA /* Pods-BLAlertDemoTests.release.xcconfig */;
			buildSettings = {
				BUNDLE_LOADER = "$(TEST_HOST)";
				CODE_SIGN_STYLE = Automatic;
				DEVELOPMENT_TEAM = NX465R5XFP;
				INFOPLIST_FILE = BLAlertDemoTests/Info.plist;
				LD_RUNPATH_SEARCH_PATHS = (
					"$(inherited)",
					"@executable_path/Frameworks",
					"@loader_path/Frameworks",
				);
				PRODUCT_BUNDLE_IDENTIFIER = me.bobolee.BLAlertDemoTests;
				PRODUCT_NAME = "$(TARGET_NAME)";
				TARGETED_DEVICE_FAMILY = "1,2";
				TEST_HOST = "$(BUILT_PRODUCTS_DIR)/BLAlertDemo.app/BLAlertDemo";
			};
			name = Release;
		};
		9B94D35321B1105E00848EB3 /* Debug */ = {
			isa = XCBuildConfiguration;
			baseConfigurationReference = 0CD1C5A6B118BA0CFEE67948 /* Pods-BLAlertDemoUITests.debug.xcconfig */;
			buildSettings = {
				CODE_SIGN_STYLE = Automatic;
				DEVELOPMENT_TEAM = NX465R5XFP;
				INFOPLIST_FILE = BLAlertDemoUITests/Info.plist;
				LD_RUNPATH_SEARCH_PATHS = (
					"$(inherited)",
					"@executable_path/Frameworks",
					"@loader_path/Frameworks",
				);
				PRODUCT_BUNDLE_IDENTIFIER = me.bobolee.BLAlertDemoUITests;
				PRODUCT_NAME = "$(TARGET_NAME)";
				TARGETED_DEVICE_FAMILY = "1,2";
				TEST_TARGET_NAME = BLAlertDemo;
			};
			name = Debug;
		};
		9B94D35421B1105E00848EB3 /* Release */ = {
			isa = XCBuildConfiguration;
			baseConfigurationReference = AA8C50D2962FDABE194F2F26 /* Pods-BLAlertDemoUITests.release.xcconfig */;
			buildSettings = {
				CODE_SIGN_STYLE = Automatic;
				DEVELOPMENT_TEAM = NX465R5XFP;
				INFOPLIST_FILE = BLAlertDemoUITests/Info.plist;
				LD_RUNPATH_SEARCH_PATHS = (
					"$(inherited)",
					"@executable_path/Frameworks",
					"@loader_path/Frameworks",
				);
				PRODUCT_BUNDLE_IDENTIFIER = me.bobolee.BLAlertDemoUITests;
				PRODUCT_NAME = "$(TARGET_NAME)";
				TARGETED_DEVICE_FAMILY = "1,2";
				TEST_TARGET_NAME = BLAlertDemo;
			};
			name = Release;
		};
/* End XCBuildConfiguration section */

/* Begin XCConfigurationList section */
		9B94D31821B1105C00848EB3 /* Build configuration list for PBXProject "BLAlertDemo" */ = {
			isa = XCConfigurationList;
			buildConfigurations = (
				9B94D34A21B1105E00848EB3 /* Debug */,
				9B94D34B21B1105E00848EB3 /* Release */,
			);
			defaultConfigurationIsVisible = 0;
			defaultConfigurationName = Release;
		};
		9B94D34C21B1105E00848EB3 /* Build configuration list for PBXNativeTarget "BLAlertDemo" */ = {
			isa = XCConfigurationList;
			buildConfigurations = (
				9B94D34D21B1105E00848EB3 /* Debug */,
				9B94D34E21B1105E00848EB3 /* Release */,
			);
			defaultConfigurationIsVisible = 0;
			defaultConfigurationName = Release;
		};
		9B94D34F21B1105E00848EB3 /* Build configuration list for PBXNativeTarget "BLAlertDemoTests" */ = {
			isa = XCConfigurationList;
			buildConfigurations = (
				9B94D35021B1105E00848EB3 /* Debug */,
				9B94D35121B1105E00848EB3 /* Release */,
			);
			defaultConfigurationIsVisible = 0;
			defaultConfigurationName = Release;
		};
		9B94D35221B1105E00848EB3 /* Build configuration list for PBXNativeTarget "BLAlertDemoUITests" */ = {
			isa = XCConfigurationList;
			buildConfigurations = (
				9B94D35321B1105E00848EB3 /* Debug */,
				9B94D35421B1105E00848EB3 /* Release */,
			);
			defaultConfigurationIsVisible = 0;
			defaultConfigurationName = Release;
		};
/* End XCConfigurationList section */

/* Begin XCVersionGroup section */
		9B94D32921B1105C00848EB3 /* BLAlertDemo.xcdatamodeld */ = {
			isa = XCVersionGroup;
			children = (
				9B94D32A21B1105C00848EB3 /* BLAlertDemo.xcdatamodel */,
			);
			currentVersion = 9B94D32A21B1105C00848EB3 /* BLAlertDemo.xcdatamodel */;
			path = BLAlertDemo.xcdatamodeld;
			sourceTree = "<group>";
			versionGroupType = wrapper.xcdatamodel;
		};
/* End XCVersionGroup section */
	};
	rootObject = 9B94D31521B1105C00848EB3 /* Project object */;
}
